{
  "name": "WaterMark",
  "lockfileVersion": 2,
  "requires": true,
  "packages": {
    "": {
      "dependencies": {
        "watermark": "^1.0.2"
      }
    },
    "node_modules/jquery": {
      "version": "3.6.2",
      "resolved": "https://registry.npmjs.org/jquery/-/jquery-3.6.2.tgz",
      "integrity": "sha512-/e7ulNIEEYk1Z/l4X0vpxGt+B/dNsV8ghOPAWZaJs8pkGvsSC0tm33aMGylXcj/U7y4IcvwtMXPMyBFZn/gK9A=="
    },
    "node_modules/watermark": {
      "version": "1.0.2",
      "resolved": "https://registry.npmjs.org/watermark/-/watermark-1.0.2.tgz",
      "integrity": "sha512-OUwaA7rNw//95w4FchWy7iKIYQ04hl72Hg5KhKO5wdnS1vs2FZcvAxmzztw8KimTa9+Kc8+vxcLP9ZaxI52Nhg==",
      "dependencies": {
        "jquery": ">=1.5"
      }
    }
  },
  "dependencies": {
    "jquery": {
      "version": "3.6.2",
      "resolved": "https://registry.npmjs.org/jquery/-/jquery-3.6.2.tgz",
      "integrity": "sha512-/e7ulNIEEYk1Z/l4X0vpxGt+B/dNsV8ghOPAWZaJs8pkGvsSC0tm33aMGylXcj/U7y4IcvwtMXPMyBFZn/gK9A=="
    },
    "watermark": {
      "version": "1.0.2",
      "resolved": "https://registry.npmjs.org/watermark/-/watermark-1.0.2.tgz",
      "integrity": "sha512-OUwaA7rNw//95w4FchWy7iKIYQ04hl72Hg5KhKO5wdnS1vs2FZcvAxmzztw8KimTa9+Kc8+vxcLP9ZaxI52Nhg==",
      "requires": {
        "jquery": ">=1.5"
      }
    }
  }
}
